
Microsoft Visual Studio Solution File, Format Version 12.00
# Visual Studio Version 17
VisualStudioVersion = 17.0.31903.59
MinimumVisualStudioVersion = 10.0.40219.1
Project("{2150E333-8FDC-42A3-9474-1A3956D46DE8}") = "src", "src", "{22C7C2F7-59AB-4657-9FE2-4FAB814BB31C}"
EndProject
Project("{2150E333-8FDC-42A3-9474-1A3956D46DE8}") = "tests", "tests", "{68E3E1F2-D6D2-4607-81E3-1B7ED967C624}"
EndProject
Project("{FAE04EC0-301F-11D3-BF4B-00C04F79EFBC}") = "Domain.Models", "Domain\Domain.Models.csproj", "{989A1891-3C8A-4AB5-9655-F0540C079CF1}"
EndProject
Project("{FAE04EC0-301F-11D3-BF4B-00C04F79EFBC}") = "Application.UseCases", "Application\Application.UseCases.csproj", "{4AAD0B3D-98A9-406E-B988-CA728835821C}"
EndProject
Project("{FAE04EC0-301F-11D3-BF4B-00C04F79EFBC}") = "Infrastructure.Data", "Infrastructure\Infrastructure.Data.csproj", "{A0091B49-0DBB-418A-9BD3-2E19E6D6CA1B}"
EndProject
Project("{FAE04EC0-301F-11D3-BF4B-00C04F79EFBC}") = "Presentation.Server", "Server\Presentation.Server.csproj", "{F1C3EFC2-17B9-4807-AE7B-AEAE2B90009A}"
EndProject
Project("{FAE04EC0-301F-11D3-BF4B-00C04F79EFBC}") = "Presentation.Client", "Client\Presentation.Client.csproj", "{DF73F7BC-83CC-4D54-BD65-8C5BED1BCA34}"
EndProject
Project("{2150E333-8FDC-42A3-9474-1A3956D46DE8}") = "Presentation", "Presentation", "{DF93DD59-B7EE-4C6F-B734-B6886DF02D5C}"
EndProject
Project("{2150E333-8FDC-42A3-9474-1A3956D46DE8}") = "Application", "Application", "{F890109A-A6AB-4F03-93B2-6C6CBA596714}"
EndProject
Project("{2150E333-8FDC-42A3-9474-1A3956D46DE8}") = "Domain", "Domain", "{AAF1DF5A-2C15-4C71-8698-74E9179E05E3}"
EndProject
Project("{2150E333-8FDC-42A3-9474-1A3956D46DE8}") = "Infrastructure", "Infrastructure", "{500FD2B3-F442-43DC-B020-B0044502756A}"
EndProject
Project("{FAE04EC0-301F-11D3-BF4B-00C04F79EFBC}") = "Application.Models", "Application.Models\Application.Models.csproj", "{4DDEE35B-CF93-4035-A03C-E49DF4EABA6C}"
EndProject
Project("{FAE04EC0-301F-11D3-BF4B-00C04F79EFBC}") = "Application.Interfaces", "Application.Interfaces\Application.Interfaces.csproj", "{F62E97ED-52CE-48DC-8F8F-12628ED95E4C}"
EndProject
Project("{FAE04EC0-301F-11D3-BF4B-00C04F79EFBC}") = "Application.Commons", "Application.Commons\Application.Commons.csproj", "{D692E08B-0650-4EFC-9FCA-D6922A899A9B}"
EndProject
Global
	GlobalSection(SolutionConfigurationPlatforms) = preSolution
		Debug|Any CPU = Debug|Any CPU
		Release|Any CPU = Release|Any CPU
	EndGlobalSection
	GlobalSection(ProjectConfigurationPlatforms) = postSolution
		{989A1891-3C8A-4AB5-9655-F0540C079CF1}.Debug|Any CPU.ActiveCfg = Debug|Any CPU
		{989A1891-3C8A-4AB5-9655-F0540C079CF1}.Debug|Any CPU.Build.0 = Debug|Any CPU
		{989A1891-3C8A-4AB5-9655-F0540C079CF1}.Release|Any CPU.ActiveCfg = Release|Any CPU
		{989A1891-3C8A-4AB5-9655-F0540C079CF1}.Release|Any CPU.Build.0 = Release|Any CPU
		{4AAD0B3D-98A9-406E-B988-CA728835821C}.Debug|Any CPU.ActiveCfg = Debug|Any CPU
		{4AAD0B3D-98A9-406E-B988-CA728835821C}.Debug|Any CPU.Build.0 = Debug|Any CPU
		{4AAD0B3D-98A9-406E-B988-CA728835821C}.Release|Any CPU.ActiveCfg = Release|Any CPU
		{4AAD0B3D-98A9-406E-B988-CA728835821C}.Release|Any CPU.Build.0 = Release|Any CPU
		{A0091B49-0DBB-418A-9BD3-2E19E6D6CA1B}.Debug|Any CPU.ActiveCfg = Debug|Any CPU
		{A0091B49-0DBB-418A-9BD3-2E19E6D6CA1B}.Debug|Any CPU.Build.0 = Debug|Any CPU
		{A0091B49-0DBB-418A-9BD3-2E19E6D6CA1B}.Release|Any CPU.ActiveCfg = Release|Any CPU
		{A0091B49-0DBB-418A-9BD3-2E19E6D6CA1B}.Release|Any CPU.Build.0 = Release|Any CPU
		{F1C3EFC2-17B9-4807-AE7B-AEAE2B90009A}.Debug|Any CPU.ActiveCfg = Debug|Any CPU
		{F1C3EFC2-17B9-4807-AE7B-AEAE2B90009A}.Debug|Any CPU.Build.0 = Debug|Any CPU
		{F1C3EFC2-17B9-4807-AE7B-AEAE2B90009A}.Release|Any CPU.ActiveCfg = Release|Any CPU
		{F1C3EFC2-17B9-4807-AE7B-AEAE2B90009A}.Release|Any CPU.Build.0 = Release|Any CPU
		{DF73F7BC-83CC-4D54-BD65-8C5BED1BCA34}.Debug|Any CPU.ActiveCfg = Debug|Any CPU
		{DF73F7BC-83CC-4D54-BD65-8C5BED1BCA34}.Debug|Any CPU.Build.0 = Debug|Any CPU
		{DF73F7BC-83CC-4D54-BD65-8C5BED1BCA34}.Release|Any CPU.ActiveCfg = Release|Any CPU
		{DF73F7BC-83CC-4D54-BD65-8C5BED1BCA34}.Release|Any CPU.Build.0 = Release|Any CPU
		{4DDEE35B-CF93-4035-A03C-E49DF4EABA6C}.Debug|Any CPU.ActiveCfg = Debug|Any CPU
		{4DDEE35B-CF93-4035-A03C-E49DF4EABA6C}.Debug|Any CPU.Build.0 = Debug|Any CPU
		{4DDEE35B-CF93-4035-A03C-E49DF4EABA6C}.Release|Any CPU.ActiveCfg = Release|Any CPU
		{4DDEE35B-CF93-4035-A03C-E49DF4EABA6C}.Release|Any CPU.Build.0 = Release|Any CPU
		{F62E97ED-52CE-48DC-8F8F-12628ED95E4C}.Debug|Any CPU.ActiveCfg = Debug|Any CPU
		{F62E97ED-52CE-48DC-8F8F-12628ED95E4C}.Debug|Any CPU.Build.0 = Debug|Any CPU
		{F62E97ED-52CE-48DC-8F8F-12628ED95E4C}.Release|Any CPU.ActiveCfg = Release|Any CPU
		{F62E97ED-52CE-48DC-8F8F-12628ED95E4C}.Release|Any CPU.Build.0 = Release|Any CPU
		{D692E08B-0650-4EFC-9FCA-D6922A899A9B}.Debug|Any CPU.ActiveCfg = Debug|Any CPU
		{D692E08B-0650-4EFC-9FCA-D6922A899A9B}.Debug|Any CPU.Build.0 = Debug|Any CPU
		{D692E08B-0650-4EFC-9FCA-D6922A899A9B}.Release|Any CPU.ActiveCfg = Release|Any CPU
		{D692E08B-0650-4EFC-9FCA-D6922A899A9B}.Release|Any CPU.Build.0 = Release|Any CPU
	EndGlobalSection
	GlobalSection(SolutionProperties) = preSolution
		HideSolutionNode = FALSE
	EndGlobalSection
	GlobalSection(NestedProjects) = preSolution
		{989A1891-3C8A-4AB5-9655-F0540C079CF1} = {AAF1DF5A-2C15-4C71-8698-74E9179E05E3}
		{4AAD0B3D-98A9-406E-B988-CA728835821C} = {F890109A-A6AB-4F03-93B2-6C6CBA596714}
		{A0091B49-0DBB-418A-9BD3-2E19E6D6CA1B} = {500FD2B3-F442-43DC-B020-B0044502756A}
		{F1C3EFC2-17B9-4807-AE7B-AEAE2B90009A} = {DF93DD59-B7EE-4C6F-B734-B6886DF02D5C}
		{DF73F7BC-83CC-4D54-BD65-8C5BED1BCA34} = {DF93DD59-B7EE-4C6F-B734-B6886DF02D5C}
		{DF93DD59-B7EE-4C6F-B734-B6886DF02D5C} = {22C7C2F7-59AB-4657-9FE2-4FAB814BB31C}
		{F890109A-A6AB-4F03-93B2-6C6CBA596714} = {22C7C2F7-59AB-4657-9FE2-4FAB814BB31C}
		{AAF1DF5A-2C15-4C71-8698-74E9179E05E3} = {22C7C2F7-59AB-4657-9FE2-4FAB814BB31C}
		{500FD2B3-F442-43DC-B020-B0044502756A} = {22C7C2F7-59AB-4657-9FE2-4FAB814BB31C}
		{4DDEE35B-CF93-4035-A03C-E49DF4EABA6C} = {F890109A-A6AB-4F03-93B2-6C6CBA596714}
		{F62E97ED-52CE-48DC-8F8F-12628ED95E4C} = {F890109A-A6AB-4F03-93B2-6C6CBA596714}
		{D692E08B-0650-4EFC-9FCA-D6922A899A9B} = {F890109A-A6AB-4F03-93B2-6C6CBA596714}
	EndGlobalSection
EndGlobal
